
Microsoft Visual Studio Solution File, Format Version 12.00
# Visual Studio Version 16
VisualStudioVersion = 16.0.29806.167
MinimumVisualStudioVersion = 10.0.40219.1
Project("{8BC9CEB8-8B4A-11D0-8D11-00A0C91BC942}") = "Threads", "Threads\Threads.vcxproj", "{C154C663-DB3E-4AD5-9634-EEC9417B4748}"
EndProject
Global
	GlobalSection(SolutionConfigurationPlatforms) = preSolution
		Debug|x64 = Debug|x64
		Debug|x86 = Debug|x86
		Release|x64 = Release|x64
		Release|x86 = Release|x86
	EndGlobalSection
	GlobalSection(ProjectConfigurationPlatforms) = postSolution
		{C154C663-DB3E-4AD5-9634-EEC9417B4748}.Debug|x64.ActiveCfg = Debug|x64
		{C154C663-DB3E-4AD5-9634-EEC9417B4748}.Debug|x64.Build.0 = Debug|x64
		{C154C663-DB3E-4AD5-9634-EEC9417B4748}.Debug|x86.ActiveCfg = Debug|Win32
		{C154C663-DB3E-4AD5-9634-EEC9417B4748}.Debug|x86.Build.0 = Debug|Win32
		{C154C663-DB3E-4AD5-9634-EEC9417B4748}.Release|x64.ActiveCfg = Release|x64
		{C154C663-DB3E-4AD5-9634-EEC9417B4748}.Release|x64.Build.0 = Release|x64
		{C154C663-DB3E-4AD5-9634-EEC9417B4748}.Release|x86.ActiveCfg = Release|Win32
		{C154C663-DB3E-4AD5-9634-EEC9417B4748}.Release|x86.Build.0 = Release|Win32
	EndGlobalSection
	GlobalSection(SolutionProperties) = preSolution
		HideSolutionNode = FALSE
	EndGlobalSection
	GlobalSection(ExtensibilityGlobals) = postSolution
		SolutionGuid = {D25978E2-046E-4066-B609-95CD63548E62}
	EndGlobalSection
EndGlobal
